
Microsoft Visual Studio Solution File, Format Version 12.00
# Visual Studio Version 17
VisualStudioVersion = 17.4.33122.133
MinimumVisualStudioVersion = 10.0.40219.1
Project("{FAE04EC0-301F-11D3-BF4B-00C04F79EFBC}") = "OpenRandomFile", "OpenRandomFile\OpenRandomFile.csproj", "{79B8C79D-8517-4F9E-AD24-4B917AB9195D}"
EndProject
Global
	GlobalSection(SolutionConfigurationPlatforms) = preSolution
		Debug|Any CPU = Debug|Any CPU
		Release|Any CPU = Release|Any CPU
	EndGlobalSection
	GlobalSection(ProjectConfigurationPlatforms) = postSolution
		{79B8C79D-8517-4F9E-AD24-4B917AB9195D}.Debug|Any CPU.ActiveCfg = Debug|Any CPU
		{79B8C79D-8517-4F9E-AD24-4B917AB9195D}.Debug|Any CPU.Build.0 = Debug|Any CPU
		{79B8C79D-8517-4F9E-AD24-4B917AB9195D}.Release|Any CPU.ActiveCfg = Release|Any CPU
		{79B8C79D-8517-4F9E-AD24-4B917AB9195D}.Release|Any CPU.Build.0 = Release|Any CPU
	EndGlobalSection
	GlobalSection(SolutionProperties) = preSolution
		HideSolutionNode = FALSE
	EndGlobalSection
	GlobalSection(ExtensibilityGlobals) = postSolution
		SolutionGuid = {60D0E40B-71B5-42FE-AF93-CB352A9C5163}
	EndGlobalSection
EndGlobal
